
Microsoft Visual Studio Solution File, Format Version 12.00
# Visual Studio Version 17
VisualStudioVersion = 17.4.33205.214
MinimumVisualStudioVersion = 10.0.40219.1
Project("{9A19103F-16F7-4668-BE54-9A1E7A4F7556}") = "Lab1Project", "ConsoleApp1\Lab1Project.csproj", "{41AC0FFA-D497-4D4E-8AAE-03042C5AB8C4}"
EndProject
Global
	GlobalSection(SolutionConfigurationPlatforms) = preSolution
		Debug|Any CPU = Debug|Any CPU
		Release|Any CPU = Release|Any CPU
	EndGlobalSection
	GlobalSection(ProjectConfigurationPlatforms) = postSolution
		{41AC0FFA-D497-4D4E-8AAE-03042C5AB8C4}.Debug|Any CPU.ActiveCfg = Debug|Any CPU
		{41AC0FFA-D497-4D4E-8AAE-03042C5AB8C4}.Debug|Any CPU.Build.0 = Debug|Any CPU
		{41AC0FFA-D497-4D4E-8AAE-03042C5AB8C4}.Release|Any CPU.ActiveCfg = Release|Any CPU
		{41AC0FFA-D497-4D4E-8AAE-03042C5AB8C4}.Release|Any CPU.Build.0 = Release|Any CPU
	EndGlobalSection
	GlobalSection(SolutionProperties) = preSolution
		HideSolutionNode = FALSE
	EndGlobalSection
	GlobalSection(ExtensibilityGlobals) = postSolution
		SolutionGuid = {49CAD93D-3923-4ECA-882D-D7B5A8C29462}
	EndGlobalSection
EndGlobal
